
Microsoft Visual Studio Solution File, Format Version 12.00
# Visual Studio Version 17
VisualStudioVersion = 17.8.34525.116
MinimumVisualStudioVersion = 10.0.40219.1
Project("{2150E333-8FDC-42A3-9474-1A3956D46DE8}") = "Services", "Services", "{F4FEED6C-5C45-44A9-A019-8B2F89DA993F}"
EndProject
Project("{2150E333-8FDC-42A3-9474-1A3956D46DE8}") = "Catalog", "Catalog", "{BCD3454F-6D81-4196-A6C4-A6A3D35B9464}"
EndProject
Project("{9A19103F-16F7-4668-BE54-9A1E7A4F7556}") = "Catalog.API", "Services\Catalog\Catalog.API\Catalog.API.csproj", "{1B5BEBF2-1C63-43FD-9DCD-6A0F1ABD11C5}"
EndProject
Project("{2150E333-8FDC-42A3-9474-1A3956D46DE8}") = "BuildingBlocks", "BuildingBlocks", "{E53A55A3-90C7-4ADA-B7B8-345AC540FC05}"
EndProject
Project("{9A19103F-16F7-4668-BE54-9A1E7A4F7556}") = "BuildingBlocks", "BuildingBlocks\BuildingBlocks\BuildingBlocks.csproj", "{75AD250D-348B-4150-BBDB-4DB62656C215}"
EndProject
Project("{E53339B2-1760-4266-BCC7-CA923CBCF16C}") = "docker-compose", "docker-compose.dcproj", "{F086A274-6B3A-4A4D-882F-5520E2A89A3F}"
EndProject
Project("{2150E333-8FDC-42A3-9474-1A3956D46DE8}") = "Basket", "Basket", "{4260AF85-84AC-44DE-A853-4A6669F5B7E5}"
EndProject
Project("{FAE04EC0-301F-11D3-BF4B-00C04F79EFBC}") = "Basket.Api", "Services\Basket\Basket.Api\Basket.Api.csproj", "{77DBA657-D6E1-456C-8627-68AE07F62B6F}"
EndProject
Global
	GlobalSection(SolutionConfigurationPlatforms) = preSolution
		Debug|Any CPU = Debug|Any CPU
		Release|Any CPU = Release|Any CPU
	EndGlobalSection
	GlobalSection(ProjectConfigurationPlatforms) = postSolution
		{1B5BEBF2-1C63-43FD-9DCD-6A0F1ABD11C5}.Debug|Any CPU.ActiveCfg = Debug|Any CPU
		{1B5BEBF2-1C63-43FD-9DCD-6A0F1ABD11C5}.Debug|Any CPU.Build.0 = Debug|Any CPU
		{1B5BEBF2-1C63-43FD-9DCD-6A0F1ABD11C5}.Release|Any CPU.ActiveCfg = Release|Any CPU
		{1B5BEBF2-1C63-43FD-9DCD-6A0F1ABD11C5}.Release|Any CPU.Build.0 = Release|Any CPU
		{75AD250D-348B-4150-BBDB-4DB62656C215}.Debug|Any CPU.ActiveCfg = Debug|Any CPU
		{75AD250D-348B-4150-BBDB-4DB62656C215}.Debug|Any CPU.Build.0 = Debug|Any CPU
		{75AD250D-348B-4150-BBDB-4DB62656C215}.Release|Any CPU.ActiveCfg = Release|Any CPU
		{75AD250D-348B-4150-BBDB-4DB62656C215}.Release|Any CPU.Build.0 = Release|Any CPU
		{F086A274-6B3A-4A4D-882F-5520E2A89A3F}.Debug|Any CPU.ActiveCfg = Debug|Any CPU
		{F086A274-6B3A-4A4D-882F-5520E2A89A3F}.Debug|Any CPU.Build.0 = Debug|Any CPU
		{F086A274-6B3A-4A4D-882F-5520E2A89A3F}.Release|Any CPU.ActiveCfg = Release|Any CPU
		{F086A274-6B3A-4A4D-882F-5520E2A89A3F}.Release|Any CPU.Build.0 = Release|Any CPU
		{77DBA657-D6E1-456C-8627-68AE07F62B6F}.Debug|Any CPU.ActiveCfg = Debug|Any CPU
		{77DBA657-D6E1-456C-8627-68AE07F62B6F}.Debug|Any CPU.Build.0 = Debug|Any CPU
		{77DBA657-D6E1-456C-8627-68AE07F62B6F}.Release|Any CPU.ActiveCfg = Release|Any CPU
		{77DBA657-D6E1-456C-8627-68AE07F62B6F}.Release|Any CPU.Build.0 = Release|Any CPU
	EndGlobalSection
	GlobalSection(SolutionProperties) = preSolution
		HideSolutionNode = FALSE
	EndGlobalSection
	GlobalSection(NestedProjects) = preSolution
		{BCD3454F-6D81-4196-A6C4-A6A3D35B9464} = {F4FEED6C-5C45-44A9-A019-8B2F89DA993F}
		{1B5BEBF2-1C63-43FD-9DCD-6A0F1ABD11C5} = {BCD3454F-6D81-4196-A6C4-A6A3D35B9464}
		{75AD250D-348B-4150-BBDB-4DB62656C215} = {E53A55A3-90C7-4ADA-B7B8-345AC540FC05}
		{4260AF85-84AC-44DE-A853-4A6669F5B7E5} = {F4FEED6C-5C45-44A9-A019-8B2F89DA993F}
		{77DBA657-D6E1-456C-8627-68AE07F62B6F} = {4260AF85-84AC-44DE-A853-4A6669F5B7E5}
	EndGlobalSection
	GlobalSection(ExtensibilityGlobals) = postSolution
		SolutionGuid = {26E7CA00-434E-456A-A09D-7E31B3C8226E}
	EndGlobalSection
EndGlobal
